
Microsoft Visual Studio Solution File, Format Version 12.00
# Visual Studio Version 17
VisualStudioVersion = 17.12.35527.113 d17.12
MinimumVisualStudioVersion = 10.0.40219.1
Project("{FAE04EC0-301F-11D3-BF4B-00C04F79EFBC}") = "JaProjektGUI", "JaProjektGUI\JaProjektGUI.csproj", "{7D90E317-AC94-4834-91F8-9C254040360E}"
	ProjectSection(ProjectDependencies) = postProject
		{01D36B14-4BA1-48C6-9F93-65E04ED96456} = {01D36B14-4BA1-48C6-9F93-65E04ED96456}
		{F31904B6-4EF6-4267-A2C8-CBCC9FEB9794} = {F31904B6-4EF6-4267-A2C8-CBCC9FEB9794}
	EndProjectSection
EndProject
Project("{8BC9CEB8-8B4A-11D0-8D11-00A0C91BC942}") = "ASMDLL", "ASMDLL\ASMDLL.vcxproj", "{F31904B6-4EF6-4267-A2C8-CBCC9FEB9794}"
EndProject
Project("{8BC9CEB8-8B4A-11D0-8D11-00A0C91BC942}") = "CDLL", "CDLL\CDLL.vcxproj", "{01D36B14-4BA1-48C6-9F93-65E04ED96456}"
EndProject
Global
	GlobalSection(SolutionConfigurationPlatforms) = preSolution
		Debug|Any CPU = Debug|Any CPU
		Debug|x64 = Debug|x64
		Debug|x86 = Debug|x86
		Release|Any CPU = Release|Any CPU
		Release|x64 = Release|x64
		Release|x86 = Release|x86
	EndGlobalSection
	GlobalSection(ProjectConfigurationPlatforms) = postSolution
		{7D90E317-AC94-4834-91F8-9C254040360E}.Debug|Any CPU.ActiveCfg = Debug|Any CPU
		{7D90E317-AC94-4834-91F8-9C254040360E}.Debug|Any CPU.Build.0 = Debug|Any CPU
		{7D90E317-AC94-4834-91F8-9C254040360E}.Debug|x64.ActiveCfg = Debug|x64
		{7D90E317-AC94-4834-91F8-9C254040360E}.Debug|x64.Build.0 = Debug|x64
		{7D90E317-AC94-4834-91F8-9C254040360E}.Debug|x86.ActiveCfg = Debug|Any CPU
		{7D90E317-AC94-4834-91F8-9C254040360E}.Debug|x86.Build.0 = Debug|Any CPU
		{7D90E317-AC94-4834-91F8-9C254040360E}.Release|Any CPU.ActiveCfg = Release|Any CPU
		{7D90E317-AC94-4834-91F8-9C254040360E}.Release|Any CPU.Build.0 = Release|Any CPU
		{7D90E317-AC94-4834-91F8-9C254040360E}.Release|x64.ActiveCfg = Release|x64
		{7D90E317-AC94-4834-91F8-9C254040360E}.Release|x64.Build.0 = Release|x64
		{7D90E317-AC94-4834-91F8-9C254040360E}.Release|x86.ActiveCfg = Release|Any CPU
		{7D90E317-AC94-4834-91F8-9C254040360E}.Release|x86.Build.0 = Release|Any CPU
		{F31904B6-4EF6-4267-A2C8-CBCC9FEB9794}.Debug|Any CPU.ActiveCfg = Debug|x64
		{F31904B6-4EF6-4267-A2C8-CBCC9FEB9794}.Debug|Any CPU.Build.0 = Debug|x64
		{F31904B6-4EF6-4267-A2C8-CBCC9FEB9794}.Debug|x64.ActiveCfg = Debug|x64
		{F31904B6-4EF6-4267-A2C8-CBCC9FEB9794}.Debug|x64.Build.0 = Debug|x64
		{F31904B6-4EF6-4267-A2C8-CBCC9FEB9794}.Debug|x86.ActiveCfg = Debug|Win32
		{F31904B6-4EF6-4267-A2C8-CBCC9FEB9794}.Debug|x86.Build.0 = Debug|Win32
		{F31904B6-4EF6-4267-A2C8-CBCC9FEB9794}.Release|Any CPU.ActiveCfg = Release|x64
		{F31904B6-4EF6-4267-A2C8-CBCC9FEB9794}.Release|Any CPU.Build.0 = Release|x64
		{F31904B6-4EF6-4267-A2C8-CBCC9FEB9794}.Release|x64.ActiveCfg = Release|x64
		{F31904B6-4EF6-4267-A2C8-CBCC9FEB9794}.Release|x64.Build.0 = Release|x64
		{F31904B6-4EF6-4267-A2C8-CBCC9FEB9794}.Release|x86.ActiveCfg = Release|Win32
		{F31904B6-4EF6-4267-A2C8-CBCC9FEB9794}.Release|x86.Build.0 = Release|Win32
		{01D36B14-4BA1-48C6-9F93-65E04ED96456}.Debug|Any CPU.ActiveCfg = Debug|x64
		{01D36B14-4BA1-48C6-9F93-65E04ED96456}.Debug|Any CPU.Build.0 = Debug|x64
		{01D36B14-4BA1-48C6-9F93-65E04ED96456}.Debug|x64.ActiveCfg = Debug|x64
		{01D36B14-4BA1-48C6-9F93-65E04ED96456}.Debug|x64.Build.0 = Debug|x64
		{01D36B14-4BA1-48C6-9F93-65E04ED96456}.Debug|x86.ActiveCfg = Debug|Win32
		{01D36B14-4BA1-48C6-9F93-65E04ED96456}.Debug|x86.Build.0 = Debug|Win32
		{01D36B14-4BA1-48C6-9F93-65E04ED96456}.Release|Any CPU.ActiveCfg = Release|x64
		{01D36B14-4BA1-48C6-9F93-65E04ED96456}.Release|Any CPU.Build.0 = Release|x64
		{01D36B14-4BA1-48C6-9F93-65E04ED96456}.Release|x64.ActiveCfg = Release|x64
		{01D36B14-4BA1-48C6-9F93-65E04ED96456}.Release|x64.Build.0 = Release|x64
		{01D36B14-4BA1-48C6-9F93-65E04ED96456}.Release|x86.ActiveCfg = Release|Win32
		{01D36B14-4BA1-48C6-9F93-65E04ED96456}.Release|x86.Build.0 = Release|Win32
	EndGlobalSection
	GlobalSection(SolutionProperties) = preSolution
		HideSolutionNode = FALSE
	EndGlobalSection
EndGlobal
